
Microsoft Visual Studio Solution File, Format Version 12.00
# Visual Studio Version 17
VisualStudioVersion = 17.5.002.0
MinimumVisualStudioVersion = 10.0.40219.1
Project("{9A19103F-16F7-4668-BE54-9A1E7A4F7556}") = "ConsoleAppStarter", "ConsoleAppStarter.csproj", "{DC90E7D5-66B0-4906-9281-26E486232A43}"
EndProject
Global
	GlobalSection(SolutionConfigurationPlatforms) = preSolution
		Debug|Any CPU = Debug|Any CPU
		Release|Any CPU = Release|Any CPU
	EndGlobalSection
	GlobalSection(ProjectConfigurationPlatforms) = postSolution
		{DC90E7D5-66B0-4906-9281-26E486232A43}.Debug|Any CPU.ActiveCfg = Debug|Any CPU
		{DC90E7D5-66B0-4906-9281-26E486232A43}.Debug|Any CPU.Build.0 = Debug|Any CPU
		{DC90E7D5-66B0-4906-9281-26E486232A43}.Release|Any CPU.ActiveCfg = Release|Any CPU
		{DC90E7D5-66B0-4906-9281-26E486232A43}.Release|Any CPU.Build.0 = Release|Any CPU
	EndGlobalSection
	GlobalSection(SolutionProperties) = preSolution
		HideSolutionNode = FALSE
	EndGlobalSection
	GlobalSection(ExtensibilityGlobals) = postSolution
		SolutionGuid = {9FC14C9B-33B6-4A65-A17F-E0AB0FA31BAC}
	EndGlobalSection
EndGlobal
